
Microsoft Visual Studio Solution File, Format Version 12.00
# Visual Studio Version 17
VisualStudioVersion = 17.0.31903.59
MinimumVisualStudioVersion = 10.0.40219.1
Project("{9A19103F-16F7-4668-BE54-9A1E7A4F7556}") = "C#", "C#\C#.csproj", "{A6DD289F-A82A-4714-A6CD-235C3BDC0BBB}"
EndProject
Project("{FAE04EC0-301F-11D3-BF4B-00C04F79EFBC}") = "AbstractDataTypes", "AbstractDataTypes\AbstractDataTypes.csproj", "{C0DF99FF-409F-41D0-8EDE-CEEF10FF130C}"
EndProject
Project("{FAE04EC0-301F-11D3-BF4B-00C04F79EFBC}") = "LinkedListTest", "LinkedListTest\LinkedListTest.csproj", "{45B947A3-363F-4AA4-85F5-942E8632A648}"
EndProject
Global
	GlobalSection(SolutionConfigurationPlatforms) = preSolution
		Debug|Any CPU = Debug|Any CPU
		Release|Any CPU = Release|Any CPU
	EndGlobalSection
	GlobalSection(ProjectConfigurationPlatforms) = postSolution
		{A6DD289F-A82A-4714-A6CD-235C3BDC0BBB}.Debug|Any CPU.ActiveCfg = Debug|Any CPU
		{A6DD289F-A82A-4714-A6CD-235C3BDC0BBB}.Debug|Any CPU.Build.0 = Debug|Any CPU
		{A6DD289F-A82A-4714-A6CD-235C3BDC0BBB}.Release|Any CPU.ActiveCfg = Release|Any CPU
		{A6DD289F-A82A-4714-A6CD-235C3BDC0BBB}.Release|Any CPU.Build.0 = Release|Any CPU
		{C0DF99FF-409F-41D0-8EDE-CEEF10FF130C}.Debug|Any CPU.ActiveCfg = Debug|Any CPU
		{C0DF99FF-409F-41D0-8EDE-CEEF10FF130C}.Debug|Any CPU.Build.0 = Debug|Any CPU
		{C0DF99FF-409F-41D0-8EDE-CEEF10FF130C}.Release|Any CPU.ActiveCfg = Release|Any CPU
		{C0DF99FF-409F-41D0-8EDE-CEEF10FF130C}.Release|Any CPU.Build.0 = Release|Any CPU
		{45B947A3-363F-4AA4-85F5-942E8632A648}.Debug|Any CPU.ActiveCfg = Debug|Any CPU
		{45B947A3-363F-4AA4-85F5-942E8632A648}.Debug|Any CPU.Build.0 = Debug|Any CPU
		{45B947A3-363F-4AA4-85F5-942E8632A648}.Release|Any CPU.ActiveCfg = Release|Any CPU
		{45B947A3-363F-4AA4-85F5-942E8632A648}.Release|Any CPU.Build.0 = Release|Any CPU
	EndGlobalSection
	GlobalSection(SolutionProperties) = preSolution
		HideSolutionNode = FALSE
	EndGlobalSection
	GlobalSection(ExtensibilityGlobals) = postSolution
		SolutionGuid = {A62B10F9-DF10-4F5A-94A0-29F3B2C24573}
	EndGlobalSection
EndGlobal
